
Microsoft Visual Studio Solution File, Format Version 12.00
# Visual Studio 15
VisualStudioVersion = 15.0.27428.2015
MinimumVisualStudioVersion = 10.0.40219.1
Project("{F184B08F-C81C-45F6-A57F-5ABD9991F28F}") = "WowCalci", "WowCalci\WowCalci.vbproj", "{5F9B9248-CFE7-48DB-A407-EE446573309C}"
EndProject
Project("{54435603-DBB4-11D2-8724-00A0C9A8B90C}") = "WowCalci-setup", "WowCalci-setup\WowCalci-setup.vdproj", "{9B336886-9CE5-4027-9C08-C9D7B6574E9A}"
EndProject
Global
	GlobalSection(SolutionConfigurationPlatforms) = preSolution
		Debug|Any CPU = Debug|Any CPU
		Release|Any CPU = Release|Any CPU
	EndGlobalSection
	GlobalSection(ProjectConfigurationPlatforms) = postSolution
		{5F9B9248-CFE7-48DB-A407-EE446573309C}.Debug|Any CPU.ActiveCfg = Debug|Any CPU
		{5F9B9248-CFE7-48DB-A407-EE446573309C}.Debug|Any CPU.Build.0 = Debug|Any CPU
		{5F9B9248-CFE7-48DB-A407-EE446573309C}.Release|Any CPU.ActiveCfg = Release|Any CPU
		{5F9B9248-CFE7-48DB-A407-EE446573309C}.Release|Any CPU.Build.0 = Release|Any CPU
		{9B336886-9CE5-4027-9C08-C9D7B6574E9A}.Debug|Any CPU.ActiveCfg = Debug
		{9B336886-9CE5-4027-9C08-C9D7B6574E9A}.Release|Any CPU.ActiveCfg = Release
	EndGlobalSection
	GlobalSection(SolutionProperties) = preSolution
		HideSolutionNode = FALSE
	EndGlobalSection
	GlobalSection(ExtensibilityGlobals) = postSolution
		SolutionGuid = {C797EE64-EF95-4BF0-8022-9E0146423FD9}
	EndGlobalSection
EndGlobal
